
Microsoft Visual Studio Solution File, Format Version 12.00
# Visual Studio Version 17
VisualStudioVersion = 17.11.35208.52
MinimumVisualStudioVersion = 10.0.40219.1
Project("{FAE04EC0-301F-11D3-BF4B-00C04F79EFBC}") = "Banco_de_Dados_(POO)", "Banco_de_Dados_(POO).csproj", "{78FFD39C-8165-4D5E-B1CD-CA3BABCABF86}"
EndProject
Global
	GlobalSection(SolutionConfigurationPlatforms) = preSolution
		Debug|Any CPU = Debug|Any CPU
		Release|Any CPU = Release|Any CPU
	EndGlobalSection
	GlobalSection(ProjectConfigurationPlatforms) = postSolution
		{78FFD39C-8165-4D5E-B1CD-CA3BABCABF86}.Debug|Any CPU.ActiveCfg = Debug|Any CPU
		{78FFD39C-8165-4D5E-B1CD-CA3BABCABF86}.Debug|Any CPU.Build.0 = Debug|Any CPU
		{78FFD39C-8165-4D5E-B1CD-CA3BABCABF86}.Release|Any CPU.ActiveCfg = Release|Any CPU
		{78FFD39C-8165-4D5E-B1CD-CA3BABCABF86}.Release|Any CPU.Build.0 = Release|Any CPU
	EndGlobalSection
	GlobalSection(SolutionProperties) = preSolution
		HideSolutionNode = FALSE
	EndGlobalSection
	GlobalSection(ExtensibilityGlobals) = postSolution
		SolutionGuid = {F59D2B76-02D3-4AFB-9BF4-ACB392FFF74F}
	EndGlobalSection
EndGlobal
