
Microsoft Visual Studio Solution File, Format Version 12.00
# Visual Studio Version 17
VisualStudioVersion = 17.8.34525.116
MinimumVisualStudioVersion = 10.0.40219.1
Project("{FAE04EC0-301F-11D3-BF4B-00C04F79EFBC}") = "Cadastro_de_Alunos_(POO)", "Cadastro_de_Alunos_(POO).csproj", "{4084246A-034E-4599-A17F-19E4F0DC6BCE}"
EndProject
Global
	GlobalSection(SolutionConfigurationPlatforms) = preSolution
		Debug|Any CPU = Debug|Any CPU
		Release|Any CPU = Release|Any CPU
	EndGlobalSection
	GlobalSection(ProjectConfigurationPlatforms) = postSolution
		{4084246A-034E-4599-A17F-19E4F0DC6BCE}.Debug|Any CPU.ActiveCfg = Debug|Any CPU
		{4084246A-034E-4599-A17F-19E4F0DC6BCE}.Debug|Any CPU.Build.0 = Debug|Any CPU
		{4084246A-034E-4599-A17F-19E4F0DC6BCE}.Release|Any CPU.ActiveCfg = Release|Any CPU
		{4084246A-034E-4599-A17F-19E4F0DC6BCE}.Release|Any CPU.Build.0 = Release|Any CPU
	EndGlobalSection
	GlobalSection(SolutionProperties) = preSolution
		HideSolutionNode = FALSE
	EndGlobalSection
	GlobalSection(ExtensibilityGlobals) = postSolution
		SolutionGuid = {CF68FC50-C398-4403-A9EE-328160637857}
	EndGlobalSection
EndGlobal
