
Microsoft Visual Studio Solution File, Format Version 12.00
# Visual Studio Version 17
VisualStudioVersion = 17.8.34525.116
MinimumVisualStudioVersion = 10.0.40219.1
Project("{FAE04EC0-301F-11D3-BF4B-00C04F79EFBC}") = "Software_de_Gerenciamento_(POO)", "Software_de_Gerenciamento_(POO).csproj", "{A6CB822D-71B2-48CF-B9D9-40031DEF0FDD}"
EndProject
Global
	GlobalSection(SolutionConfigurationPlatforms) = preSolution
		Debug|Any CPU = Debug|Any CPU
		Release|Any CPU = Release|Any CPU
	EndGlobalSection
	GlobalSection(ProjectConfigurationPlatforms) = postSolution
		{A6CB822D-71B2-48CF-B9D9-40031DEF0FDD}.Debug|Any CPU.ActiveCfg = Debug|Any CPU
		{A6CB822D-71B2-48CF-B9D9-40031DEF0FDD}.Debug|Any CPU.Build.0 = Debug|Any CPU
		{A6CB822D-71B2-48CF-B9D9-40031DEF0FDD}.Release|Any CPU.ActiveCfg = Release|Any CPU
		{A6CB822D-71B2-48CF-B9D9-40031DEF0FDD}.Release|Any CPU.Build.0 = Release|Any CPU
	EndGlobalSection
	GlobalSection(SolutionProperties) = preSolution
		HideSolutionNode = FALSE
	EndGlobalSection
	GlobalSection(ExtensibilityGlobals) = postSolution
		SolutionGuid = {0A1AE206-955F-456A-A8ED-F9D562716E6D}
	EndGlobalSection
EndGlobal
