
Microsoft Visual Studio Solution File, Format Version 12.00
# Visual Studio Version 17
VisualStudioVersion = 17.8.34525.116
MinimumVisualStudioVersion = 10.0.40219.1
Project("{FAE04EC0-301F-11D3-BF4B-00C04F79EFBC}") = "Prova_de_Nivelamento_(POO)", "Prova_de_Nivelamento_(POO).csproj", "{BEA9AB90-4E32-4BA5-A6BB-0DA6C100325A}"
EndProject
Global
	GlobalSection(SolutionConfigurationPlatforms) = preSolution
		Debug|Any CPU = Debug|Any CPU
		Release|Any CPU = Release|Any CPU
	EndGlobalSection
	GlobalSection(ProjectConfigurationPlatforms) = postSolution
		{BEA9AB90-4E32-4BA5-A6BB-0DA6C100325A}.Debug|Any CPU.ActiveCfg = Debug|Any CPU
		{BEA9AB90-4E32-4BA5-A6BB-0DA6C100325A}.Debug|Any CPU.Build.0 = Debug|Any CPU
		{BEA9AB90-4E32-4BA5-A6BB-0DA6C100325A}.Release|Any CPU.ActiveCfg = Release|Any CPU
		{BEA9AB90-4E32-4BA5-A6BB-0DA6C100325A}.Release|Any CPU.Build.0 = Release|Any CPU
	EndGlobalSection
	GlobalSection(SolutionProperties) = preSolution
		HideSolutionNode = FALSE
	EndGlobalSection
	GlobalSection(ExtensibilityGlobals) = postSolution
		SolutionGuid = {291502CF-F9DA-4E4E-8A21-3BED5A727780}
	EndGlobalSection
EndGlobal
