
Microsoft Visual Studio Solution File, Format Version 12.00
# Visual Studio Version 17
VisualStudioVersion = 17.8.34525.116
MinimumVisualStudioVersion = 10.0.40219.1
Project("{FAE04EC0-301F-11D3-BF4B-00C04F79EFBC}") = "RevisaoPOO2", "RevisaoPOO2.csproj", "{A8926DF9-B70B-4904-B62E-17072A1B2691}"
EndProject
Global
	GlobalSection(SolutionConfigurationPlatforms) = preSolution
		Debug|Any CPU = Debug|Any CPU
		Release|Any CPU = Release|Any CPU
	EndGlobalSection
	GlobalSection(ProjectConfigurationPlatforms) = postSolution
		{A8926DF9-B70B-4904-B62E-17072A1B2691}.Debug|Any CPU.ActiveCfg = Debug|Any CPU
		{A8926DF9-B70B-4904-B62E-17072A1B2691}.Debug|Any CPU.Build.0 = Debug|Any CPU
		{A8926DF9-B70B-4904-B62E-17072A1B2691}.Release|Any CPU.ActiveCfg = Release|Any CPU
		{A8926DF9-B70B-4904-B62E-17072A1B2691}.Release|Any CPU.Build.0 = Release|Any CPU
	EndGlobalSection
	GlobalSection(SolutionProperties) = preSolution
		HideSolutionNode = FALSE
	EndGlobalSection
	GlobalSection(ExtensibilityGlobals) = postSolution
		SolutionGuid = {2FBE7953-0B4C-415F-A86F-519E0AC2B274}
	EndGlobalSection
EndGlobal
