
Microsoft Visual Studio Solution File, Format Version 12.00
# Visual Studio Version 17
VisualStudioVersion = 17.8.34525.116
MinimumVisualStudioVersion = 10.0.40219.1
Project("{FAE04EC0-301F-11D3-BF4B-00C04F79EFBC}") = "Exercicio_01", "Exercicio_01.csproj", "{0228EF6C-04EA-4D1A-971C-366795B5B0F9}"
EndProject
Global
	GlobalSection(SolutionConfigurationPlatforms) = preSolution
		Debug|Any CPU = Debug|Any CPU
		Release|Any CPU = Release|Any CPU
	EndGlobalSection
	GlobalSection(ProjectConfigurationPlatforms) = postSolution
		{0228EF6C-04EA-4D1A-971C-366795B5B0F9}.Debug|Any CPU.ActiveCfg = Debug|Any CPU
		{0228EF6C-04EA-4D1A-971C-366795B5B0F9}.Debug|Any CPU.Build.0 = Debug|Any CPU
		{0228EF6C-04EA-4D1A-971C-366795B5B0F9}.Release|Any CPU.ActiveCfg = Release|Any CPU
		{0228EF6C-04EA-4D1A-971C-366795B5B0F9}.Release|Any CPU.Build.0 = Release|Any CPU
	EndGlobalSection
	GlobalSection(SolutionProperties) = preSolution
		HideSolutionNode = FALSE
	EndGlobalSection
	GlobalSection(ExtensibilityGlobals) = postSolution
		SolutionGuid = {BAA63A08-E67C-4C87-AE69-6D1C50CA7DBF}
	EndGlobalSection
EndGlobal
