
Microsoft Visual Studio Solution File, Format Version 12.00
# Visual Studio Version 17
VisualStudioVersion = 17.8.34525.116
MinimumVisualStudioVersion = 10.0.40219.1
Project("{FAE04EC0-301F-11D3-BF4B-00C04F79EFBC}") = "RevisaoPOO4", "RevisaoPOO4.csproj", "{57ABA886-9B0C-40E7-8433-D655B078793E}"
EndProject
Global
	GlobalSection(SolutionConfigurationPlatforms) = preSolution
		Debug|Any CPU = Debug|Any CPU
		Release|Any CPU = Release|Any CPU
	EndGlobalSection
	GlobalSection(ProjectConfigurationPlatforms) = postSolution
		{57ABA886-9B0C-40E7-8433-D655B078793E}.Debug|Any CPU.ActiveCfg = Debug|Any CPU
		{57ABA886-9B0C-40E7-8433-D655B078793E}.Debug|Any CPU.Build.0 = Debug|Any CPU
		{57ABA886-9B0C-40E7-8433-D655B078793E}.Release|Any CPU.ActiveCfg = Release|Any CPU
		{57ABA886-9B0C-40E7-8433-D655B078793E}.Release|Any CPU.Build.0 = Release|Any CPU
	EndGlobalSection
	GlobalSection(SolutionProperties) = preSolution
		HideSolutionNode = FALSE
	EndGlobalSection
	GlobalSection(ExtensibilityGlobals) = postSolution
		SolutionGuid = {583E2B6E-6F67-4EB3-B5FF-37D0E5D0A508}
	EndGlobalSection
EndGlobal
